// !$*UTF8*$!
{
	archiveVersion = 1;
	classes = {
	};
	objectVersion = 56;
	objects = {

/* Begin PBXBuildFile section */
		58249F812C9245750035AE45 /* AppDelegate.swift in Sources */ = {isa = PBXBuildFile; fileRef = 58249F802C9245750035AE45 /* AppDelegate.swift */; };
		58249F832C9245750035AE45 /* SceneDelegate.swift in Sources */ = {isa = PBXBuildFile; fileRef = 58249F822C9245750035AE45 /* SceneDelegate.swift */; };
		58249F852C9245750035AE45 /* LoginViewController.swift in Sources */ = {isa = PBXBuildFile; fileRef = 58249F842C9245750035AE45 /* LoginViewController.swift */; };
		58249F8A2C9245760035AE45 /* Assets.xcassets in Resources */ = {isa = PBXBuildFile; fileRef = 58249F892C9245760035AE45 /* Assets.xcassets */; };
		58249F8D2C9245760035AE45 /* Base in Resources */ = {isa = PBXBuildFile; fileRef = 58249F8C2C9245760035AE45 /* Base */; };
		58249FAF2C939A260035AE45 /* RegisterView.swift in Sources */ = {isa = PBXBuildFile; fileRef = 58249FAB2C939A260035AE45 /* RegisterView.swift */; };
		58249FB02C939A260035AE45 /* RegisterViewController.swift in Sources */ = {isa = PBXBuildFile; fileRef = 58249FAC2C939A260035AE45 /* RegisterViewController.swift */; };
		58249FB12C939A260035AE45 /* RegisterViewModel.swift in Sources */ = {isa = PBXBuildFile; fileRef = 58249FAD2C939A260035AE45 /* RegisterViewModel.swift */; };
		58249FB72C94E8D80035AE45 /* LoginEnum.swift in Sources */ = {isa = PBXBuildFile; fileRef = 58249FB62C94E8D80035AE45 /* LoginEnum.swift */; };
		58249FB92C9505160035AE45 /* ConfigBackground.swift in Sources */ = {isa = PBXBuildFile; fileRef = 58249FB82C9505160035AE45 /* ConfigBackground.swift */; };
		582EAF662C9A54DE00673136 /* PasswordTextField.swift in Sources */ = {isa = PBXBuildFile; fileRef = 582EAF652C9A54DE00673136 /* PasswordTextField.swift */; };
		584025882CA3A3C30094710A /* GoogleService-Info.plist in Resources */ = {isa = PBXBuildFile; fileRef = 584025872CA3A3C30094710A /* GoogleService-Info.plist */; };
		AE88ED5C603710AA72AE59E3 /* Pods_Login.framework in Frameworks */ = {isa = PBXBuildFile; fileRef = 477C5E5DD89FA2C3A1ABDBA3 /* Pods_Login.framework */; };
/* End PBXBuildFile section */

/* Begin PBXFileReference section */
		477C5E5DD89FA2C3A1ABDBA3 /* Pods_Login.framework */ = {isa = PBXFileReference; explicitFileType = wrapper.framework; includeInIndex = 0; path = Pods_Login.framework; sourceTree = BUILT_PRODUCTS_DIR; };
		58249F7D2C9245750035AE45 /* Login.app */ = {isa = PBXFileReference; explicitFileType = wrapper.application; includeInIndex = 0; path = Login.app; sourceTree = BUILT_PRODUCTS_DIR; };
		58249F802C9245750035AE45 /* AppDelegate.swift */ = {isa = PBXFileReference; lastKnownFileType = sourcecode.swift; path = AppDelegate.swift; sourceTree = "<group>"; };
		58249F822C9245750035AE45 /* SceneDelegate.swift */ = {isa = PBXFileReference; lastKnownFileType = sourcecode.swift; path = SceneDelegate.swift; sourceTree = "<group>"; };
		58249F842C9245750035AE45 /* LoginViewController.swift */ = {isa = PBXFileReference; lastKnownFileType = sourcecode.swift; path = LoginViewController.swift; sourceTree = "<group>"; };
		58249F892C9245760035AE45 /* Assets.xcassets */ = {isa = PBXFileReference; lastKnownFileType = folder.assetcatalog; path = Assets.xcassets; sourceTree = "<group>"; };
		58249F8C2C9245760035AE45 /* Base */ = {isa = PBXFileReference; lastKnownFileType = file.storyboard; name = Base; path = Base.lproj/LaunchScreen.storyboard; sourceTree = "<group>"; };
		58249F8E2C9245760035AE45 /* Info.plist */ = {isa = PBXFileReference; lastKnownFileType = text.plist.xml; path = Info.plist; sourceTree = "<group>"; };
		58249FAB2C939A260035AE45 /* RegisterView.swift */ = {isa = PBXFileReference; fileEncoding = 4; lastKnownFileType = sourcecode.swift; path = RegisterView.swift; sourceTree = "<group>"; };
		58249FAC2C939A260035AE45 /* RegisterViewController.swift */ = {isa = PBXFileReference; fileEncoding = 4; lastKnownFileType = sourcecode.swift; path = RegisterViewController.swift; sourceTree = "<group>"; };
		58249FAD2C939A260035AE45 /* RegisterViewModel.swift */ = {isa = PBXFileReference; fileEncoding = 4; lastKnownFileType = sourcecode.swift; path = RegisterViewModel.swift; sourceTree = "<group>"; };
		58249FB62C94E8D80035AE45 /* LoginEnum.swift */ = {isa = PBXFileReference; lastKnownFileType = sourcecode.swift; path = LoginEnum.swift; sourceTree = "<group>"; };
		58249FB82C9505160035AE45 /* ConfigBackground.swift */ = {isa = PBXFileReference; lastKnownFileType = sourcecode.swift; path = ConfigBackground.swift; sourceTree = "<group>"; };
		582EAF652C9A54DE00673136 /* PasswordTextField.swift */ = {isa = PBXFileReference; lastKnownFileType = sourcecode.swift; path = PasswordTextField.swift; sourceTree = "<group>"; };
		584025872CA3A3C30094710A /* GoogleService-Info.plist */ = {isa = PBXFileReference; lastKnownFileType = text.plist.xml; path = "GoogleService-Info.plist"; sourceTree = "<group>"; };
		C8B6169A3CE3C55B871F6037 /* Pods-Login.debug.xcconfig */ = {isa = PBXFileReference; includeInIndex = 1; lastKnownFileType = text.xcconfig; name = "Pods-Login.debug.xcconfig"; path = "Target Support Files/Pods-Login/Pods-Login.debug.xcconfig"; sourceTree = "<group>"; };
		E0A8574C4CFD0CFB446CB07C /* Pods-Login.release.xcconfig */ = {isa = PBXFileReference; includeInIndex = 1; lastKnownFileType = text.xcconfig; name = "Pods-Login.release.xcconfig"; path = "Target Support Files/Pods-Login/Pods-Login.release.xcconfig"; sourceTree = "<group>"; };
/* End PBXFileReference section */

/* Begin PBXFrameworksBuildPhase section */
		58249F7A2C9245750035AE45 /* Frameworks */ = {
			isa = PBXFrameworksBuildPhase;
			buildActionMask = 2147483647;
			files = (
				AE88ED5C603710AA72AE59E3 /* Pods_Login.framework in Frameworks */,
			);
			runOnlyForDeploymentPostprocessing = 0;
		};
/* End PBXFrameworksBuildPhase section */

/* Begin PBXGroup section */
		58249F742C9245750035AE45 = {
			isa = PBXGroup;
			children = (
				584025872CA3A3C30094710A /* GoogleService-Info.plist */,
				58249F7F2C9245750035AE45 /* Login */,
				58249F7E2C9245750035AE45 /* Products */,
				8C8C95CDC766363EF0A4B499 /* Pods */,
				F80F94A66D9E80BC7D2FD2BA /* Frameworks */,
			);
			sourceTree = "<group>";
		};
		58249F7E2C9245750035AE45 /* Products */ = {
			isa = PBXGroup;
			children = (
				58249F7D2C9245750035AE45 /* Login.app */,
			);
			name = Products;
			sourceTree = "<group>";
		};
		58249F7F2C9245750035AE45 /* Login */ = {
			isa = PBXGroup;
			children = (
				58249F892C9245760035AE45 /* Assets.xcassets */,
				582EAF632C9A54BA00673136 /* Components */,
				58249FB52C94E8CA0035AE45 /* Utils */,
				5868515A2C9D09D500D2422F /* Screens */,
				58249F802C9245750035AE45 /* AppDelegate.swift */,
				58249F822C9245750035AE45 /* SceneDelegate.swift */,
				58249F8B2C9245760035AE45 /* LaunchScreen.storyboard */,
				58249F8E2C9245760035AE45 /* Info.plist */,
			);
			path = Login;
			sourceTree = "<group>";
		};
		58249FAE2C939A260035AE45 /* Register */ = {
			isa = PBXGroup;
			children = (
				58249FAB2C939A260035AE45 /* RegisterView.swift */,
				58249FAC2C939A260035AE45 /* RegisterViewController.swift */,
				58249FAD2C939A260035AE45 /* RegisterViewModel.swift */,
			);
			path = Register;
			sourceTree = "<group>";
		};
		58249FB52C94E8CA0035AE45 /* Utils */ = {
			isa = PBXGroup;
			children = (
				58249FB62C94E8D80035AE45 /* LoginEnum.swift */,
				58249FB82C9505160035AE45 /* ConfigBackground.swift */,
			);
			path = Utils;
			sourceTree = "<group>";
		};
		582EAF632C9A54BA00673136 /* Components */ = {
			isa = PBXGroup;
			children = (
				582EAF652C9A54DE00673136 /* PasswordTextField.swift */,
			);
			path = Components;
			sourceTree = "<group>";
		};
		584025842C9E62F10094710A /* Login */ = {
			isa = PBXGroup;
			children = (
				58249F842C9245750035AE45 /* LoginViewController.swift */,
			);
			path = Login;
			sourceTree = "<group>";
		};
		5868515A2C9D09D500D2422F /* Screens */ = {
			isa = PBXGroup;
			children = (
				584025842C9E62F10094710A /* Login */,
				58249FAE2C939A260035AE45 /* Register */,
			);
			path = Screens;
			sourceTree = "<group>";
		};
		8C8C95CDC766363EF0A4B499 /* Pods */ = {
			isa = PBXGroup;
			children = (
				C8B6169A3CE3C55B871F6037 /* Pods-Login.debug.xcconfig */,
				E0A8574C4CFD0CFB446CB07C /* Pods-Login.release.xcconfig */,
			);
			path = Pods;
			sourceTree = "<group>";
		};
		F80F94A66D9E80BC7D2FD2BA /* Frameworks */ = {
			isa = PBXGroup;
			children = (
				477C5E5DD89FA2C3A1ABDBA3 /* Pods_Login.framework */,
			);
			name = Frameworks;
			sourceTree = "<group>";
		};
/* End PBXGroup section */

/* Begin PBXNativeTarget section */
		58249F7C2C9245750035AE45 /* Login */ = {
			isa = PBXNativeTarget;
			buildConfigurationList = 58249F912C9245760035AE45 /* Build configuration list for PBXNativeTarget "Login" */;
			buildPhases = (
				3F8A83972DEA0C62FAF2BA7B /* [CP] Check Pods Manifest.lock */,
				58249F792C9245750035AE45 /* Sources */,
				58249F7A2C9245750035AE45 /* Frameworks */,
				58249F7B2C9245750035AE45 /* Resources */,
				9B3B82B9E3EF687B67D42AC1 /* [CP] Embed Pods Frameworks */,
			);
			buildRules = (
			);
			dependencies = (
			);
			name = Login;
			productName = Login;
			productReference = 58249F7D2C9245750035AE45 /* Login.app */;
			productType = "com.apple.product-type.application";
		};
/* End PBXNativeTarget section */

/* Begin PBXProject section */
		58249F752C9245750035AE45 /* Project object */ = {
			isa = PBXProject;
			attributes = {
				BuildIndependentTargetsInParallel = 1;
				LastSwiftUpdateCheck = 1540;
				LastUpgradeCheck = 1540;
				TargetAttributes = {
					58249F7C2C9245750035AE45 = {
						CreatedOnToolsVersion = 15.4;
					};
				};
			};
			buildConfigurationList = 58249F782C9245750035AE45 /* Build configuration list for PBXProject "Login" */;
			compatibilityVersion = "Xcode 14.0";
			developmentRegion = en;
			hasScannedForEncodings = 0;
			knownRegions = (
				en,
				Base,
			);
			mainGroup = 58249F742C9245750035AE45;
			productRefGroup = 58249F7E2C9245750035AE45 /* Products */;
			projectDirPath = "";
			projectRoot = "";
			targets = (
				58249F7C2C9245750035AE45 /* Login */,
			);
		};
/* End PBXProject section */

/* Begin PBXResourcesBuildPhase section */
		58249F7B2C9245750035AE45 /* Resources */ = {
			isa = PBXResourcesBuildPhase;
			buildActionMask = 2147483647;
			files = (
				58249F8A2C9245760035AE45 /* Assets.xcassets in Resources */,
				58249F8D2C9245760035AE45 /* Base in Resources */,
				584025882CA3A3C30094710A /* GoogleService-Info.plist in Resources */,
			);
			runOnlyForDeploymentPostprocessing = 0;
		};
/* End PBXResourcesBuildPhase section */

/* Begin PBXShellScriptBuildPhase section */
		3F8A83972DEA0C62FAF2BA7B /* [CP] Check Pods Manifest.lock */ = {
			isa = PBXShellScriptBuildPhase;
			buildActionMask = 2147483647;
			files = (
			);
			inputFileListPaths = (
			);
			inputPaths = (
				"${PODS_PODFILE_DIR_PATH}/Podfile.lock",
				"${PODS_ROOT}/Manifest.lock",
			);
			name = "[CP] Check Pods Manifest.lock";
			outputFileListPaths = (
			);
			outputPaths = (
				"$(DERIVED_FILE_DIR)/Pods-Login-checkManifestLockResult.txt",
			);
			runOnlyForDeploymentPostprocessing = 0;
			shellPath = /bin/sh;
			shellScript = "diff \"${PODS_PODFILE_DIR_PATH}/Podfile.lock\" \"${PODS_ROOT}/Manifest.lock\" > /dev/null\nif [ $? != 0 ] ; then\n    # print error to STDERR\n    echo \"error: The sandbox is not in sync with the Podfile.lock. Run 'pod install' or update your CocoaPods installation.\" >&2\n    exit 1\nfi\n# This output is used by Xcode 'outputs' to avoid re-running this script phase.\necho \"SUCCESS\" > \"${SCRIPT_OUTPUT_FILE_0}\"\n";
			showEnvVarsInLog = 0;
		};
		9B3B82B9E3EF687B67D42AC1 /* [CP] Embed Pods Frameworks */ = {
			isa = PBXShellScriptBuildPhase;
			buildActionMask = 2147483647;
			files = (
			);
			inputFileListPaths = (
				"${PODS_ROOT}/Target Support Files/Pods-Login/Pods-Login-frameworks-${CONFIGURATION}-input-files.xcfilelist",
			);
			name = "[CP] Embed Pods Frameworks";
			outputFileListPaths = (
				"${PODS_ROOT}/Target Support Files/Pods-Login/Pods-Login-frameworks-${CONFIGURATION}-output-files.xcfilelist",
			);
			runOnlyForDeploymentPostprocessing = 0;
			shellPath = /bin/sh;
			shellScript = "\"${PODS_ROOT}/Target Support Files/Pods-Login/Pods-Login-frameworks.sh\"\n";
			showEnvVarsInLog = 0;
		};
/* End PBXShellScriptBuildPhase section */

/* Begin PBXSourcesBuildPhase section */
		58249F792C9245750035AE45 /* Sources */ = {
			isa = PBXSourcesBuildPhase;
			buildActionMask = 2147483647;
			files = (
				58249F852C9245750035AE45 /* LoginViewController.swift in Sources */,
				58249FB12C939A260035AE45 /* RegisterViewModel.swift in Sources */,
				582EAF662C9A54DE00673136 /* PasswordTextField.swift in Sources */,
				58249FB02C939A260035AE45 /* RegisterViewController.swift in Sources */,
				58249FB92C9505160035AE45 /* ConfigBackground.swift in Sources */,
				58249FAF2C939A260035AE45 /* RegisterView.swift in Sources */,
				58249FB72C94E8D80035AE45 /* LoginEnum.swift in Sources */,
				58249F812C9245750035AE45 /* AppDelegate.swift in Sources */,
				58249F832C9245750035AE45 /* SceneDelegate.swift in Sources */,
			);
			runOnlyForDeploymentPostprocessing = 0;
		};
/* End PBXSourcesBuildPhase section */

/* Begin PBXVariantGroup section */
		58249F8B2C9245760035AE45 /* LaunchScreen.storyboard */ = {
			isa = PBXVariantGroup;
			children = (
				58249F8C2C9245760035AE45 /* Base */,
			);
			name = LaunchScreen.storyboard;
			sourceTree = "<group>";
		};
/* End PBXVariantGroup section */

/* Begin XCBuildConfiguration section */
		58249F8F2C9245760035AE45 /* Debug */ = {
			isa = XCBuildConfiguration;
			buildSettings = {
				ALWAYS_SEARCH_USER_PATHS = NO;
				ASSETCATALOG_COMPILER_GENERATE_SWIFT_ASSET_SYMBOL_EXTENSIONS = YES;
				CLANG_ANALYZER_NONNULL = YES;
				CLANG_ANALYZER_NUMBER_OBJECT_CONVERSION = YES_AGGRESSIVE;
				CLANG_CXX_LANGUAGE_STANDARD = "gnu++20";
				CLANG_ENABLE_MODULES = YES;
				CLANG_ENABLE_OBJC_ARC = YES;
				CLANG_ENABLE_OBJC_WEAK = YES;
				CLANG_WARN_BLOCK_CAPTURE_AUTORELEASING = YES;
				CLANG_WARN_BOOL_CONVERSION = YES;
				CLANG_WARN_COMMA = YES;
				CLANG_WARN_CONSTANT_CONVERSION = YES;
				CLANG_WARN_DEPRECATED_OBJC_IMPLEMENTATIONS = YES;
				CLANG_WARN_DIRECT_OBJC_ISA_USAGE = YES_ERROR;
				CLANG_WARN_DOCUMENTATION_COMMENTS = YES;
				CLANG_WARN_EMPTY_BODY = YES;
				CLANG_WARN_ENUM_CONVERSION = YES;
				CLANG_WARN_INFINITE_RECURSION = YES;
				CLANG_WARN_INT_CONVERSION = YES;
				CLANG_WARN_NON_LITERAL_NULL_CONVERSION = YES;
				CLANG_WARN_OBJC_IMPLICIT_RETAIN_SELF = YES;
				CLANG_WARN_OBJC_LITERAL_CONVERSION = YES;
				CLANG_WARN_OBJC_ROOT_CLASS = YES_ERROR;
				CLANG_WARN_QUOTED_INCLUDE_IN_FRAMEWORK_HEADER = YES;
				CLANG_WARN_RANGE_LOOP_ANALYSIS = YES;
				CLANG_WARN_STRICT_PROTOTYPES = YES;
				CLANG_WARN_SUSPICIOUS_MOVE = YES;
				CLANG_WARN_UNGUARDED_AVAILABILITY = YES_AGGRESSIVE;
				CLANG_WARN_UNREACHABLE_CODE = YES;
				CLANG_WARN__DUPLICATE_METHOD_MATCH = YES;
				COPY_PHASE_STRIP = NO;
				DEBUG_INFORMATION_FORMAT = dwarf;
				ENABLE_STRICT_OBJC_MSGSEND = YES;
				ENABLE_TESTABILITY = YES;
				ENABLE_USER_SCRIPT_SANDBOXING = NO;
				GCC_C_LANGUAGE_STANDARD = gnu17;
				GCC_DYNAMIC_NO_PIC = NO;
				GCC_NO_COMMON_BLOCKS = YES;
				GCC_OPTIMIZATION_LEVEL = 0;
				GCC_PREPROCESSOR_DEFINITIONS = (
					"DEBUG=1",
					"$(inherited)",
				);
				GCC_WARN_64_TO_32_BIT_CONVERSION = YES;
				GCC_WARN_ABOUT_RETURN_TYPE = YES_ERROR;
				GCC_WARN_UNDECLARED_SELECTOR = YES;
				GCC_WARN_UNINITIALIZED_AUTOS = YES_AGGRESSIVE;
				GCC_WARN_UNUSED_FUNCTION = YES;
				GCC_WARN_UNUSED_VARIABLE = YES;
				IPHONEOS_DEPLOYMENT_TARGET = 17.5;
				LOCALIZATION_PREFERS_STRING_CATALOGS = YES;
				MTL_ENABLE_DEBUG_INFO = INCLUDE_SOURCE;
				MTL_FAST_MATH = YES;
				ONLY_ACTIVE_ARCH = YES;
				SDKROOT = iphoneos;
				SWIFT_ACTIVE_COMPILATION_CONDITIONS = "DEBUG $(inherited)";
				SWIFT_OPTIMIZATION_LEVEL = "-Onone";
			};
			name = Debug;
		};
		58249F902C9245760035AE45 /* Release */ = {
			isa = XCBuildConfiguration;
			buildSettings = {
				ALWAYS_SEARCH_USER_PATHS = NO;
				ASSETCATALOG_COMPILER_GENERATE_SWIFT_ASSET_SYMBOL_EXTENSIONS = YES;
				CLANG_ANALYZER_NONNULL = YES;
				CLANG_ANALYZER_NUMBER_OBJECT_CONVERSION = YES_AGGRESSIVE;
				CLANG_CXX_LANGUAGE_STANDARD = "gnu++20";
				CLANG_ENABLE_MODULES = YES;
				CLANG_ENABLE_OBJC_ARC = YES;
				CLANG_ENABLE_OBJC_WEAK = YES;
				CLANG_WARN_BLOCK_CAPTURE_AUTORELEASING = YES;
				CLANG_WARN_BOOL_CONVERSION = YES;
				CLANG_WARN_COMMA = YES;
				CLANG_WARN_CONSTANT_CONVERSION = YES;
				CLANG_WARN_DEPRECATED_OBJC_IMPLEMENTATIONS = YES;
				CLANG_WARN_DIRECT_OBJC_ISA_USAGE = YES_ERROR;
				CLANG_WARN_DOCUMENTATION_COMMENTS = YES;
				CLANG_WARN_EMPTY_BODY = YES;
				CLANG_WARN_ENUM_CONVERSION = YES;
				CLANG_WARN_INFINITE_RECURSION = YES;
				CLANG_WARN_INT_CONVERSION = YES;
				CLANG_WARN_NON_LITERAL_NULL_CONVERSION = YES;
				CLANG_WARN_OBJC_IMPLICIT_RETAIN_SELF = YES;
				CLANG_WARN_OBJC_LITERAL_CONVERSION = YES;
				CLANG_WARN_OBJC_ROOT_CLASS = YES_ERROR;
				CLANG_WARN_QUOTED_INCLUDE_IN_FRAMEWORK_HEADER = YES;
				CLANG_WARN_RANGE_LOOP_ANALYSIS = YES;
				CLANG_WARN_STRICT_PROTOTYPES = YES;
				CLANG_WARN_SUSPICIOUS_MOVE = YES;
				CLANG_WARN_UNGUARDED_AVAILABILITY = YES_AGGRESSIVE;
				CLANG_WARN_UNREACHABLE_CODE = YES;
				CLANG_WARN__DUPLICATE_METHOD_MATCH = YES;
				COPY_PHASE_STRIP = NO;
				DEBUG_INFORMATION_FORMAT = "dwarf-with-dsym";
				ENABLE_NS_ASSERTIONS = NO;
				ENABLE_STRICT_OBJC_MSGSEND = YES;
				ENABLE_USER_SCRIPT_SANDBOXING = NO;
				GCC_C_LANGUAGE_STANDARD = gnu17;
				GCC_NO_COMMON_BLOCKS = YES;
				GCC_WARN_64_TO_32_BIT_CONVERSION = YES;
				GCC_WARN_ABOUT_RETURN_TYPE = YES_ERROR;
				GCC_WARN_UNDECLARED_SELECTOR = YES;
				GCC_WARN_UNINITIALIZED_AUTOS = YES_AGGRESSIVE;
				GCC_WARN_UNUSED_FUNCTION = YES;
				GCC_WARN_UNUSED_VARIABLE = YES;
				IPHONEOS_DEPLOYMENT_TARGET = 17.5;
				LOCALIZATION_PREFERS_STRING_CATALOGS = YES;
				MTL_ENABLE_DEBUG_INFO = NO;
				MTL_FAST_MATH = YES;
				SDKROOT = iphoneos;
				SWIFT_COMPILATION_MODE = wholemodule;
				VALIDATE_PRODUCT = YES;
			};
			name = Release;
		};
		58249F922C9245760035AE45 /* Debug */ = {
			isa = XCBuildConfiguration;
			baseConfigurationReference = C8B6169A3CE3C55B871F6037 /* Pods-Login.debug.xcconfig */;
			buildSettings = {
				ASSETCATALOG_COMPILER_APPICON_NAME = AppIcon;
				ASSETCATALOG_COMPILER_GLOBAL_ACCENT_COLOR_NAME = AccentColor;
				CODE_SIGN_IDENTITY = "Apple Development";
				CODE_SIGN_STYLE = Automatic;
				CURRENT_PROJECT_VERSION = 1;
				DEVELOPMENT_TEAM = AJUR2JK7K5;
				GENERATE_INFOPLIST_FILE = YES;
				INFOPLIST_FILE = Login/Info.plist;
				INFOPLIST_KEY_UIApplicationSupportsIndirectInputEvents = YES;
				INFOPLIST_KEY_UILaunchStoryboardName = LaunchScreen;
				INFOPLIST_KEY_UISupportedInterfaceOrientations_iPad = "UIInterfaceOrientationPortrait UIInterfaceOrientationPortraitUpsideDown UIInterfaceOrientationLandscapeLeft UIInterfaceOrientationLandscapeRight";
				INFOPLIST_KEY_UISupportedInterfaceOrientations_iPhone = "UIInterfaceOrientationPortrait UIInterfaceOrientationLandscapeLeft UIInterfaceOrientationLandscapeRight";
				LD_RUNPATH_SEARCH_PATHS = (
					"$(inherited)",
					"@executable_path/Frameworks",
				);
				MARKETING_VERSION = 1.0;
				PRODUCT_BUNDLE_IDENTIFIER = br.com.swiftpow.Login;
				PRODUCT_NAME = "$(TARGET_NAME)";
				PROVISIONING_PROFILE_SPECIFIER = "";
				SWIFT_EMIT_LOC_STRINGS = YES;
				SWIFT_VERSION = 5.0;
				TARGETED_DEVICE_FAMILY = "1,2";
			};
			name = Debug;
		};
		58249F932C9245760035AE45 /* Release */ = {
			isa = XCBuildConfiguration;
			baseConfigurationReference = E0A8574C4CFD0CFB446CB07C /* Pods-Login.release.xcconfig */;
			buildSettings = {
				ASSETCATALOG_COMPILER_APPICON_NAME = AppIcon;
				ASSETCATALOG_COMPILER_GLOBAL_ACCENT_COLOR_NAME = AccentColor;
				CODE_SIGN_IDENTITY = "Apple Development";
				CODE_SIGN_STYLE = Automatic;
				CURRENT_PROJECT_VERSION = 1;
				DEVELOPMENT_TEAM = AJUR2JK7K5;
				GENERATE_INFOPLIST_FILE = YES;
				INFOPLIST_FILE = Login/Info.plist;
				INFOPLIST_KEY_UIApplicationSupportsIndirectInputEvents = YES;
				INFOPLIST_KEY_UILaunchStoryboardName = LaunchScreen;
				INFOPLIST_KEY_UISupportedInterfaceOrientations_iPad = "UIInterfaceOrientationPortrait UIInterfaceOrientationPortraitUpsideDown UIInterfaceOrientationLandscapeLeft UIInterfaceOrientationLandscapeRight";
				INFOPLIST_KEY_UISupportedInterfaceOrientations_iPhone = "UIInterfaceOrientationPortrait UIInterfaceOrientationLandscapeLeft UIInterfaceOrientationLandscapeRight";
				LD_RUNPATH_SEARCH_PATHS = (
					"$(inherited)",
					"@executable_path/Frameworks",
				);
				MARKETING_VERSION = 1.0;
				PRODUCT_BUNDLE_IDENTIFIER = br.com.swiftpow.Login;
				PRODUCT_NAME = "$(TARGET_NAME)";
				PROVISIONING_PROFILE_SPECIFIER = "";
				SWIFT_EMIT_LOC_STRINGS = YES;
				SWIFT_VERSION = 5.0;
				TARGETED_DEVICE_FAMILY = "1,2";
			};
			name = Release;
		};
/* End XCBuildConfiguration section */

/* Begin XCConfigurationList section */
		58249F782C9245750035AE45 /* Build configuration list for PBXProject "Login" */ = {
			isa = XCConfigurationList;
			buildConfigurations = (
				58249F8F2C9245760035AE45 /* Debug */,
				58249F902C9245760035AE45 /* Release */,
			);
			defaultConfigurationIsVisible = 0;
			defaultConfigurationName = Release;
		};
		58249F912C9245760035AE45 /* Build configuration list for PBXNativeTarget "Login" */ = {
			isa = XCConfigurationList;
			buildConfigurations = (
				58249F922C9245760035AE45 /* Debug */,
				58249F932C9245760035AE45 /* Release */,
			);
			defaultConfigurationIsVisible = 0;
			defaultConfigurationName = Release;
		};
/* End XCConfigurationList section */
	};
	rootObject = 58249F752C9245750035AE45 /* Project object */;
}
